// !$*UTF8*$!
{
	archiveVersion = 1;
	classes = {
	};
	objectVersion = 50;
	objects = {

/* Begin PBXBuildFile section */
		632C06CE24F6ED97005BDAEA /* AppDelegate.swift in Sources */ = {isa = PBXBuildFile; fileRef = 632C06CD24F6ED97005BDAEA /* AppDelegate.swift */; };
		632C06D024F6ED97005BDAEA /* SceneDelegate.swift in Sources */ = {isa = PBXBuildFile; fileRef = 632C06CF24F6ED97005BDAEA /* SceneDelegate.swift */; };
		632C06D224F6ED97005BDAEA /* ContentView.swift in Sources */ = {isa = PBXBuildFile; fileRef = 632C06D124F6ED97005BDAEA /* ContentView.swift */; };
		632C06D424F6ED98005BDAEA /* Assets.xcassets in Resources */ = {isa = PBXBuildFile; fileRef = 632C06D324F6ED98005BDAEA /* Assets.xcassets */; };
		632C06D724F6ED98005BDAEA /* Preview Assets.xcassets in Resources */ = {isa = PBXBuildFile; fileRef = 632C06D624F6ED98005BDAEA /* Preview Assets.xcassets */; };
		632C06DA24F6ED98005BDAEA /* LaunchScreen.storyboard in Resources */ = {isa = PBXBuildFile; fileRef = 632C06D824F6ED98005BDAEA /* LaunchScreen.storyboard */; };
		632C06E224F6EFCC005BDAEA /* LayersPractical.swift in Sources */ = {isa = PBXBuildFile; fileRef = 632C06E124F6EFCC005BDAEA /* LayersPractical.swift */; };
/* End PBXBuildFile section */

/* Begin PBXFileReference section */
		632C06CA24F6ED97005BDAEA /* LayersMastery.app */ = {isa = PBXFileReference; explicitFileType = wrapper.application; includeInIndex = 0; path = LayersMastery.app; sourceTree = BUILT_PRODUCTS_DIR; };
		632C06CD24F6ED97005BDAEA /* AppDelegate.swift */ = {isa = PBXFileReference; lastKnownFileType = sourcecode.swift; path = AppDelegate.swift; sourceTree = "<group>"; };
		632C06CF24F6ED97005BDAEA /* SceneDelegate.swift */ = {isa = PBXFileReference; lastKnownFileType = sourcecode.swift; path = SceneDelegate.swift; sourceTree = "<group>"; };
		632C06D124F6ED97005BDAEA /* ContentView.swift */ = {isa = PBXFileReference; lastKnownFileType = sourcecode.swift; path = ContentView.swift; sourceTree = "<group>"; };
		632C06D324F6ED98005BDAEA /* Assets.xcassets */ = {isa = PBXFileReference; lastKnownFileType = folder.assetcatalog; path = Assets.xcassets; sourceTree = "<group>"; };
		632C06D624F6ED98005BDAEA /* Preview Assets.xcassets */ = {isa = PBXFileReference; lastKnownFileType = folder.assetcatalog; path = "Preview Assets.xcassets"; sourceTree = "<group>"; };
		632C06D924F6ED98005BDAEA /* Base */ = {isa = PBXFileReference; lastKnownFileType = file.storyboard; name = Base; path = Base.lproj/LaunchScreen.storyboard; sourceTree = "<group>"; };
		632C06DB24F6ED98005BDAEA /* Info.plist */ = {isa = PBXFileReference; lastKnownFileType = text.plist.xml; path = Info.plist; sourceTree = "<group>"; };
		632C06E124F6EFCC005BDAEA /* LayersPractical.swift */ = {isa = PBXFileReference; lastKnownFileType = sourcecode.swift; path = LayersPractical.swift; sourceTree = "<group>"; };
/* End PBXFileReference section */

/* Begin PBXFrameworksBuildPhase section */
		632C06C724F6ED97005BDAEA /* Frameworks */ = {
			isa = PBXFrameworksBuildPhase;
			buildActionMask = 2147483647;
			files = (
			);
			runOnlyForDeploymentPostprocessing = 0;
		};
/* End PBXFrameworksBuildPhase section */

/* Begin PBXGroup section */
		632C06C124F6ED97005BDAEA = {
			isa = PBXGroup;
			children = (
				632C06CC24F6ED97005BDAEA /* LayersMastery */,
				632C06CB24F6ED97005BDAEA /* Products */,
			);
			sourceTree = "<group>";
		};
		632C06CB24F6ED97005BDAEA /* Products */ = {
			isa = PBXGroup;
			children = (
				632C06CA24F6ED97005BDAEA /* LayersMastery.app */,
			);
			name = Products;
			sourceTree = "<group>";
		};
		632C06CC24F6ED97005BDAEA /* LayersMastery */ = {
			isa = PBXGroup;
			children = (
				632C06CD24F6ED97005BDAEA /* AppDelegate.swift */,
				632C06CF24F6ED97005BDAEA /* SceneDelegate.swift */,
				632C06D124F6ED97005BDAEA /* ContentView.swift */,
				632C06D324F6ED98005BDAEA /* Assets.xcassets */,
				632C06D824F6ED98005BDAEA /* LaunchScreen.storyboard */,
				632C06DB24F6ED98005BDAEA /* Info.plist */,
				632C06D524F6ED98005BDAEA /* Preview Content */,
				632C06E124F6EFCC005BDAEA /* LayersPractical.swift */,
			);
			path = LayersMastery;
			sourceTree = "<group>";
		};
		632C06D524F6ED98005BDAEA /* Preview Content */ = {
			isa = PBXGroup;
			children = (
				632C06D624F6ED98005BDAEA /* Preview Assets.xcassets */,
			);
			path = "Preview Content";
			sourceTree = "<group>";
		};
/* End PBXGroup section */

/* Begin PBXNativeTarget section */
		632C06C924F6ED97005BDAEA /* LayersMastery */ = {
			isa = PBXNativeTarget;
			buildConfigurationList = 632C06DE24F6ED98005BDAEA /* Build configuration list for PBXNativeTarget "LayersMastery" */;
			buildPhases = (
				632C06C624F6ED97005BDAEA /* Sources */,
				632C06C724F6ED97005BDAEA /* Frameworks */,
				632C06C824F6ED97005BDAEA /* Resources */,
			);
			buildRules = (
			);
			dependencies = (
			);
			name = LayersMastery;
			productName = LayersMastery;
			productReference = 632C06CA24F6ED97005BDAEA /* LayersMastery.app */;
			productType = "com.apple.product-type.application";
		};
/* End PBXNativeTarget section */

/* Begin PBXProject section */
		632C06C224F6ED97005BDAEA /* Project object */ = {
			isa = PBXProject;
			attributes = {
				LastSwiftUpdateCheck = 1200;
				LastUpgradeCheck = 1200;
				TargetAttributes = {
					632C06C924F6ED97005BDAEA = {
						CreatedOnToolsVersion = 12.0;
					};
				};
			};
			buildConfigurationList = 632C06C524F6ED97005BDAEA /* Build configuration list for PBXProject "LayersMastery" */;
			compatibilityVersion = "Xcode 9.3";
			developmentRegion = en;
			hasScannedForEncodings = 0;
			knownRegions = (
				en,
				Base,
			);
			mainGroup = 632C06C124F6ED97005BDAEA;
			productRefGroup = 632C06CB24F6ED97005BDAEA /* Products */;
			projectDirPath = "";
			projectRoot = "";
			targets = (
				632C06C924F6ED97005BDAEA /* LayersMastery */,
			);
		};
/* End PBXProject section */

/* Begin PBXResourcesBuildPhase section */
		632C06C824F6ED97005BDAEA /* Resources */ = {
			isa = PBXResourcesBuildPhase;
			buildActionMask = 2147483647;
			files = (
				632C06DA24F6ED98005BDAEA /* LaunchScreen.storyboard in Resources */,
				632C06D724F6ED98005BDAEA /* Preview Assets.xcassets in Resources */,
				632C06D424F6ED98005BDAEA /* Assets.xcassets in Resources */,
			);
			runOnlyForDeploymentPostprocessing = 0;
		};
/* End PBXResourcesBuildPhase section */

/* Begin PBXSourcesBuildPhase section */
		632C06C624F6ED97005BDAEA /* Sources */ = {
			isa = PBXSourcesBuildPhase;
			buildActionMask = 2147483647;
			files = (
				632C06CE24F6ED97005BDAEA /* AppDelegate.swift in Sources */,
				632C06D024F6ED97005BDAEA /* SceneDelegate.swift in Sources */,
				632C06D224F6ED97005BDAEA /* ContentView.swift in Sources */,
				632C06E224F6EFCC005BDAEA /* LayersPractical.swift in Sources */,
			);
			runOnlyForDeploymentPostprocessing = 0;
		};
/* End PBXSourcesBuildPhase section */

/* Begin PBXVariantGroup section */
		632C06D824F6ED98005BDAEA /* LaunchScreen.storyboard */ = {
			isa = PBXVariantGroup;
			children = (
				632C06D924F6ED98005BDAEA /* Base */,
			);
			name = LaunchScreen.storyboard;
			sourceTree = "<group>";
		};
/* End PBXVariantGroup section */

/* Begin XCBuildConfiguration section */
		632C06DC24F6ED98005BDAEA /* Debug */ = {
			isa = XCBuildConfiguration;
			buildSettings = {
				ALWAYS_SEARCH_USER_PATHS = NO;
				CLANG_ANALYZER_NONNULL = YES;
				CLANG_ANALYZER_NUMBER_OBJECT_CONVERSION = YES_AGGRESSIVE;
				CLANG_CXX_LANGUAGE_STANDARD = "gnu++14";
				CLANG_CXX_LIBRARY = "libc++";
				CLANG_ENABLE_MODULES = YES;
				CLANG_ENABLE_OBJC_ARC = YES;
				CLANG_ENABLE_OBJC_WEAK = YES;
				CLANG_WARN_BLOCK_CAPTURE_AUTORELEASING = YES;
				CLANG_WARN_BOOL_CONVERSION = YES;
				CLANG_WARN_COMMA = YES;
				CLANG_WARN_CONSTANT_CONVERSION = YES;
				CLANG_WARN_DEPRECATED_OBJC_IMPLEMENTATIONS = YES;
				CLANG_WARN_DIRECT_OBJC_ISA_USAGE = YES_ERROR;
				CLANG_WARN_DOCUMENTATION_COMMENTS = YES;
				CLANG_WARN_EMPTY_BODY = YES;
				CLANG_WARN_ENUM_CONVERSION = YES;
				CLANG_WARN_INFINITE_RECURSION = YES;
				CLANG_WARN_INT_CONVERSION = YES;
				CLANG_WARN_NON_LITERAL_NULL_CONVERSION = YES;
				CLANG_WARN_OBJC_IMPLICIT_RETAIN_SELF = YES;
				CLANG_WARN_OBJC_LITERAL_CONVERSION = YES;
				CLANG_WARN_OBJC_ROOT_CLASS = YES_ERROR;
				CLANG_WARN_QUOTED_INCLUDE_IN_FRAMEWORK_HEADER = YES;
				CLANG_WARN_RANGE_LOOP_ANALYSIS = YES;
				CLANG_WARN_STRICT_PROTOTYPES = YES;
				CLANG_WARN_SUSPICIOUS_MOVE = YES;
				CLANG_WARN_UNGUARDED_AVAILABILITY = YES_AGGRESSIVE;
				CLANG_WARN_UNREACHABLE_CODE = YES;
				CLANG_WARN__DUPLICATE_METHOD_MATCH = YES;
				COPY_PHASE_STRIP = NO;
				DEBUG_INFORMATION_FORMAT = dwarf;
				ENABLE_STRICT_OBJC_MSGSEND = YES;
				ENABLE_TESTABILITY = YES;
				GCC_C_LANGUAGE_STANDARD = gnu11;
				GCC_DYNAMIC_NO_PIC = NO;
				GCC_NO_COMMON_BLOCKS = YES;
				GCC_OPTIMIZATION_LEVEL = 0;
				GCC_PREPROCESSOR_DEFINITIONS = (
					"DEBUG=1",
					"$(inherited)",
				);
				GCC_WARN_64_TO_32_BIT_CONVERSION = YES;
				GCC_WARN_ABOUT_RETURN_TYPE = YES_ERROR;
				GCC_WARN_UNDECLARED_SELECTOR = YES;
				GCC_WARN_UNINITIALIZED_AUTOS = YES_AGGRESSIVE;
				GCC_WARN_UNUSED_FUNCTION = YES;
				GCC_WARN_UNUSED_VARIABLE = YES;
				IPHONEOS_DEPLOYMENT_TARGET = 14.0;
				MTL_ENABLE_DEBUG_INFO = INCLUDE_SOURCE;
				MTL_FAST_MATH = YES;
				ONLY_ACTIVE_ARCH = YES;
				SDKROOT = iphoneos;
				SWIFT_ACTIVE_COMPILATION_CONDITIONS = DEBUG;
				SWIFT_OPTIMIZATION_LEVEL = "-Onone";
			};
			name = Debug;
		};
		632C06DD24F6ED98005BDAEA /* Release */ = {
			isa = XCBuildConfiguration;
			buildSettings = {
				ALWAYS_SEARCH_USER_PATHS = NO;
				CLANG_ANALYZER_NONNULL = YES;
				CLANG_ANALYZER_NUMBER_OBJECT_CONVERSION = YES_AGGRESSIVE;
				CLANG_CXX_LANGUAGE_STANDARD = "gnu++14";
				CLANG_CXX_LIBRARY = "libc++";
				CLANG_ENABLE_MODULES = YES;
				CLANG_ENABLE_OBJC_ARC = YES;
				CLANG_ENABLE_OBJC_WEAK = YES;
				CLANG_WARN_BLOCK_CAPTURE_AUTORELEASING = YES;
				CLANG_WARN_BOOL_CONVERSION = YES;
				CLANG_WARN_COMMA = YES;
				CLANG_WARN_CONSTANT_CONVERSION = YES;
				CLANG_WARN_DEPRECATED_OBJC_IMPLEMENTATIONS = YES;
				CLANG_WARN_DIRECT_OBJC_ISA_USAGE = YES_ERROR;
				CLANG_WARN_DOCUMENTATION_COMMENTS = YES;
				CLANG_WARN_EMPTY_BODY = YES;
				CLANG_WARN_ENUM_CONVERSION = YES;
				CLANG_WARN_INFINITE_RECURSION = YES;
				CLANG_WARN_INT_CONVERSION = YES;
				CLANG_WARN_NON_LITERAL_NULL_CONVERSION = YES;
				CLANG_WARN_OBJC_IMPLICIT_RETAIN_SELF = YES;
				CLANG_WARN_OBJC_LITERAL_CONVERSION = YES;
				CLANG_WARN_OBJC_ROOT_CLASS = YES_ERROR;
				CLANG_WARN_QUOTED_INCLUDE_IN_FRAMEWORK_HEADER = YES;
				CLANG_WARN_RANGE_LOOP_ANALYSIS = YES;
				CLANG_WARN_STRICT_PROTOTYPES = YES;
				CLANG_WARN_SUSPICIOUS_MOVE = YES;
				CLANG_WARN_UNGUARDED_AVAILABILITY = YES_AGGRESSIVE;
				CLANG_WARN_UNREACHABLE_CODE = YES;
				CLANG_WARN__DUPLICATE_METHOD_MATCH = YES;
				COPY_PHASE_STRIP = NO;
				DEBUG_INFORMATION_FORMAT = "dwarf-with-dsym";
				ENABLE_NS_ASSERTIONS = NO;
				ENABLE_STRICT_OBJC_MSGSEND = YES;
				GCC_C_LANGUAGE_STANDARD = gnu11;
				GCC_NO_COMMON_BLOCKS = YES;
				GCC_WARN_64_TO_32_BIT_CONVERSION = YES;
				GCC_WARN_ABOUT_RETURN_TYPE = YES_ERROR;
				GCC_WARN_UNDECLARED_SELECTOR = YES;
				GCC_WARN_UNINITIALIZED_AUTOS = YES_AGGRESSIVE;
				GCC_WARN_UNUSED_FUNCTION = YES;
				GCC_WARN_UNUSED_VARIABLE = YES;
				IPHONEOS_DEPLOYMENT_TARGET = 14.0;
				MTL_ENABLE_DEBUG_INFO = NO;
				MTL_FAST_MATH = YES;
				SDKROOT = iphoneos;
				SWIFT_COMPILATION_MODE = wholemodule;
				SWIFT_OPTIMIZATION_LEVEL = "-O";
				VALIDATE_PRODUCT = YES;
			};
			name = Release;
		};
		632C06DF24F6ED98005BDAEA /* Debug */ = {
			isa = XCBuildConfiguration;
			buildSettings = {
				ASSETCATALOG_COMPILER_APPICON_NAME = AppIcon;
				ASSETCATALOG_COMPILER_GLOBAL_ACCENT_COLOR_NAME = AccentColor;
				CODE_SIGN_STYLE = Automatic;
				DEVELOPMENT_ASSET_PATHS = "\"LayersMastery/Preview Content\"";
				DEVELOPMENT_TEAM = P7DFWNNEL3;
				ENABLE_PREVIEWS = YES;
				INFOPLIST_FILE = LayersMastery/Info.plist;
				LD_RUNPATH_SEARCH_PATHS = (
					"$(inherited)",
					"@executable_path/Frameworks",
				);
				PRODUCT_BUNDLE_IDENTIFIER = io.github.chadarutherford.LayersMastery;
				PRODUCT_NAME = "$(TARGET_NAME)";
				SWIFT_VERSION = 5.0;
				TARGETED_DEVICE_FAMILY = "1,2";
			};
			name = Debug;
		};
		632C06E024F6ED98005BDAEA /* Release */ = {
			isa = XCBuildConfiguration;
			buildSettings = {
				ASSETCATALOG_COMPILER_APPICON_NAME = AppIcon;
				ASSETCATALOG_COMPILER_GLOBAL_ACCENT_COLOR_NAME = AccentColor;
				CODE_SIGN_STYLE = Automatic;
				DEVELOPMENT_ASSET_PATHS = "\"LayersMastery/Preview Content\"";
				DEVELOPMENT_TEAM = P7DFWNNEL3;
				ENABLE_PREVIEWS = YES;
				INFOPLIST_FILE = LayersMastery/Info.plist;
				LD_RUNPATH_SEARCH_PATHS = (
					"$(inherited)",
					"@executable_path/Frameworks",
				);
				PRODUCT_BUNDLE_IDENTIFIER = io.github.chadarutherford.LayersMastery;
				PRODUCT_NAME = "$(TARGET_NAME)";
				SWIFT_VERSION = 5.0;
				TARGETED_DEVICE_FAMILY = "1,2";
			};
			name = Release;
		};
/* End XCBuildConfiguration section */

/* Begin XCConfigurationList section */
		632C06C524F6ED97005BDAEA /* Build configuration list for PBXProject "LayersMastery" */ = {
			isa = XCConfigurationList;
			buildConfigurations = (
				632C06DC24F6ED98005BDAEA /* Debug */,
				632C06DD24F6ED98005BDAEA /* Release */,
			);
			defaultConfigurationIsVisible = 0;
			defaultConfigurationName = Release;
		};
		632C06DE24F6ED98005BDAEA /* Build configuration list for PBXNativeTarget "LayersMastery" */ = {
			isa = XCConfigurationList;
			buildConfigurations = (
				632C06DF24F6ED98005BDAEA /* Debug */,
				632C06E024F6ED98005BDAEA /* Release */,
			);
			defaultConfigurationIsVisible = 0;
			defaultConfigurationName = Release;
		};
/* End XCConfigurationList section */
	};
	rootObject = 632C06C224F6ED97005BDAEA /* Project object */;
}
