// !$*UTF8*$!
{
	archiveVersion = 1;
	classes = {
	};
	objectVersion = 50;
	objects = {

/* Begin PBXBuildFile section */
		63CD38C024F8148400C0F21C /* AppDelegate.swift in Sources */ = {isa = PBXBuildFile; fileRef = 63CD38BF24F8148400C0F21C /* AppDelegate.swift */; };
		63CD38C224F8148400C0F21C /* SceneDelegate.swift in Sources */ = {isa = PBXBuildFile; fileRef = 63CD38C124F8148400C0F21C /* SceneDelegate.swift */; };
		63CD38C424F8148400C0F21C /* ContentView.swift in Sources */ = {isa = PBXBuildFile; fileRef = 63CD38C324F8148400C0F21C /* ContentView.swift */; };
		63CD38C624F8148500C0F21C /* Assets.xcassets in Resources */ = {isa = PBXBuildFile; fileRef = 63CD38C524F8148500C0F21C /* Assets.xcassets */; };
		63CD38C924F8148500C0F21C /* Preview Assets.xcassets in Resources */ = {isa = PBXBuildFile; fileRef = 63CD38C824F8148500C0F21C /* Preview Assets.xcassets */; };
		63CD38CC24F8148500C0F21C /* LaunchScreen.storyboard in Resources */ = {isa = PBXBuildFile; fileRef = 63CD38CA24F8148500C0F21C /* LaunchScreen.storyboard */; };
		63CD38D724F8158400C0F21C /* Login1Blueprint.swift in Sources */ = {isa = PBXBuildFile; fileRef = 63CD38D624F8158400C0F21C /* Login1Blueprint.swift */; };
		63CD38D924F8193B00C0F21C /* Color+Ext.swift in Sources */ = {isa = PBXBuildFile; fileRef = 63CD38D824F8193B00C0F21C /* Color+Ext.swift */; };
/* End PBXBuildFile section */

/* Begin PBXFileReference section */
		63CD38BC24F8148400C0F21C /* SwiftUIPortfolioScreens.app */ = {isa = PBXFileReference; explicitFileType = wrapper.application; includeInIndex = 0; path = SwiftUIPortfolioScreens.app; sourceTree = BUILT_PRODUCTS_DIR; };
		63CD38BF24F8148400C0F21C /* AppDelegate.swift */ = {isa = PBXFileReference; lastKnownFileType = sourcecode.swift; path = AppDelegate.swift; sourceTree = "<group>"; };
		63CD38C124F8148400C0F21C /* SceneDelegate.swift */ = {isa = PBXFileReference; lastKnownFileType = sourcecode.swift; path = SceneDelegate.swift; sourceTree = "<group>"; };
		63CD38C324F8148400C0F21C /* ContentView.swift */ = {isa = PBXFileReference; lastKnownFileType = sourcecode.swift; path = ContentView.swift; sourceTree = "<group>"; };
		63CD38C524F8148500C0F21C /* Assets.xcassets */ = {isa = PBXFileReference; lastKnownFileType = folder.assetcatalog; path = Assets.xcassets; sourceTree = "<group>"; };
		63CD38C824F8148500C0F21C /* Preview Assets.xcassets */ = {isa = PBXFileReference; lastKnownFileType = folder.assetcatalog; path = "Preview Assets.xcassets"; sourceTree = "<group>"; };
		63CD38CB24F8148500C0F21C /* Base */ = {isa = PBXFileReference; lastKnownFileType = file.storyboard; name = Base; path = Base.lproj/LaunchScreen.storyboard; sourceTree = "<group>"; };
		63CD38CD24F8148500C0F21C /* Info.plist */ = {isa = PBXFileReference; lastKnownFileType = text.plist.xml; path = Info.plist; sourceTree = "<group>"; };
		63CD38D624F8158400C0F21C /* Login1Blueprint.swift */ = {isa = PBXFileReference; lastKnownFileType = sourcecode.swift; path = Login1Blueprint.swift; sourceTree = "<group>"; };
		63CD38D824F8193B00C0F21C /* Color+Ext.swift */ = {isa = PBXFileReference; lastKnownFileType = sourcecode.swift; path = "Color+Ext.swift"; sourceTree = "<group>"; };
/* End PBXFileReference section */

/* Begin PBXFrameworksBuildPhase section */
		63CD38B924F8148400C0F21C /* Frameworks */ = {
			isa = PBXFrameworksBuildPhase;
			buildActionMask = 2147483647;
			files = (
			);
			runOnlyForDeploymentPostprocessing = 0;
		};
/* End PBXFrameworksBuildPhase section */

/* Begin PBXGroup section */
		63CD38B324F8148400C0F21C = {
			isa = PBXGroup;
			children = (
				63CD38BE24F8148400C0F21C /* SwiftUIPortfolioScreens */,
				63CD38BD24F8148400C0F21C /* Products */,
			);
			sourceTree = "<group>";
		};
		63CD38BD24F8148400C0F21C /* Products */ = {
			isa = PBXGroup;
			children = (
				63CD38BC24F8148400C0F21C /* SwiftUIPortfolioScreens.app */,
			);
			name = Products;
			sourceTree = "<group>";
		};
		63CD38BE24F8148400C0F21C /* SwiftUIPortfolioScreens */ = {
			isa = PBXGroup;
			children = (
				63CD38D324F814B400C0F21C /* Login Screens */,
				63CD38BF24F8148400C0F21C /* AppDelegate.swift */,
				63CD38C124F8148400C0F21C /* SceneDelegate.swift */,
				63CD38C324F8148400C0F21C /* ContentView.swift */,
				63CD38C524F8148500C0F21C /* Assets.xcassets */,
				63CD38CA24F8148500C0F21C /* LaunchScreen.storyboard */,
				63CD38CD24F8148500C0F21C /* Info.plist */,
				63CD38C724F8148500C0F21C /* Preview Content */,
				63CD38D824F8193B00C0F21C /* Color+Ext.swift */,
			);
			path = SwiftUIPortfolioScreens;
			sourceTree = "<group>";
		};
		63CD38C724F8148500C0F21C /* Preview Content */ = {
			isa = PBXGroup;
			children = (
				63CD38C824F8148500C0F21C /* Preview Assets.xcassets */,
			);
			path = "Preview Content";
			sourceTree = "<group>";
		};
		63CD38D324F814B400C0F21C /* Login Screens */ = {
			isa = PBXGroup;
			children = (
				63CD38D524F814C300C0F21C /* Finished Screen */,
				63CD38D424F814BC00C0F21C /* Blueprints */,
			);
			path = "Login Screens";
			sourceTree = "<group>";
		};
		63CD38D424F814BC00C0F21C /* Blueprints */ = {
			isa = PBXGroup;
			children = (
				63CD38D624F8158400C0F21C /* Login1Blueprint.swift */,
			);
			path = Blueprints;
			sourceTree = "<group>";
		};
		63CD38D524F814C300C0F21C /* Finished Screen */ = {
			isa = PBXGroup;
			children = (
			);
			path = "Finished Screen";
			sourceTree = "<group>";
		};
/* End PBXGroup section */

/* Begin PBXNativeTarget section */
		63CD38BB24F8148400C0F21C /* SwiftUIPortfolioScreens */ = {
			isa = PBXNativeTarget;
			buildConfigurationList = 63CD38D024F8148500C0F21C /* Build configuration list for PBXNativeTarget "SwiftUIPortfolioScreens" */;
			buildPhases = (
				63CD38B824F8148400C0F21C /* Sources */,
				63CD38B924F8148400C0F21C /* Frameworks */,
				63CD38BA24F8148400C0F21C /* Resources */,
			);
			buildRules = (
			);
			dependencies = (
			);
			name = SwiftUIPortfolioScreens;
			productName = SwiftUIPortfolioScreens;
			productReference = 63CD38BC24F8148400C0F21C /* SwiftUIPortfolioScreens.app */;
			productType = "com.apple.product-type.application";
		};
/* End PBXNativeTarget section */

/* Begin PBXProject section */
		63CD38B424F8148400C0F21C /* Project object */ = {
			isa = PBXProject;
			attributes = {
				LastSwiftUpdateCheck = 1200;
				LastUpgradeCheck = 1200;
				TargetAttributes = {
					63CD38BB24F8148400C0F21C = {
						CreatedOnToolsVersion = 12.0;
					};
				};
			};
			buildConfigurationList = 63CD38B724F8148400C0F21C /* Build configuration list for PBXProject "SwiftUIPortfolioScreens" */;
			compatibilityVersion = "Xcode 9.3";
			developmentRegion = en;
			hasScannedForEncodings = 0;
			knownRegions = (
				en,
				Base,
			);
			mainGroup = 63CD38B324F8148400C0F21C;
			productRefGroup = 63CD38BD24F8148400C0F21C /* Products */;
			projectDirPath = "";
			projectRoot = "";
			targets = (
				63CD38BB24F8148400C0F21C /* SwiftUIPortfolioScreens */,
			);
		};
/* End PBXProject section */

/* Begin PBXResourcesBuildPhase section */
		63CD38BA24F8148400C0F21C /* Resources */ = {
			isa = PBXResourcesBuildPhase;
			buildActionMask = 2147483647;
			files = (
				63CD38CC24F8148500C0F21C /* LaunchScreen.storyboard in Resources */,
				63CD38C924F8148500C0F21C /* Preview Assets.xcassets in Resources */,
				63CD38C624F8148500C0F21C /* Assets.xcassets in Resources */,
			);
			runOnlyForDeploymentPostprocessing = 0;
		};
/* End PBXResourcesBuildPhase section */

/* Begin PBXSourcesBuildPhase section */
		63CD38B824F8148400C0F21C /* Sources */ = {
			isa = PBXSourcesBuildPhase;
			buildActionMask = 2147483647;
			files = (
				63CD38C024F8148400C0F21C /* AppDelegate.swift in Sources */,
				63CD38D724F8158400C0F21C /* Login1Blueprint.swift in Sources */,
				63CD38C224F8148400C0F21C /* SceneDelegate.swift in Sources */,
				63CD38C424F8148400C0F21C /* ContentView.swift in Sources */,
				63CD38D924F8193B00C0F21C /* Color+Ext.swift in Sources */,
			);
			runOnlyForDeploymentPostprocessing = 0;
		};
/* End PBXSourcesBuildPhase section */

/* Begin PBXVariantGroup section */
		63CD38CA24F8148500C0F21C /* LaunchScreen.storyboard */ = {
			isa = PBXVariantGroup;
			children = (
				63CD38CB24F8148500C0F21C /* Base */,
			);
			name = LaunchScreen.storyboard;
			sourceTree = "<group>";
		};
/* End PBXVariantGroup section */

/* Begin XCBuildConfiguration section */
		63CD38CE24F8148500C0F21C /* Debug */ = {
			isa = XCBuildConfiguration;
			buildSettings = {
				ALWAYS_SEARCH_USER_PATHS = NO;
				CLANG_ANALYZER_NONNULL = YES;
				CLANG_ANALYZER_NUMBER_OBJECT_CONVERSION = YES_AGGRESSIVE;
				CLANG_CXX_LANGUAGE_STANDARD = "gnu++14";
				CLANG_CXX_LIBRARY = "libc++";
				CLANG_ENABLE_MODULES = YES;
				CLANG_ENABLE_OBJC_ARC = YES;
				CLANG_ENABLE_OBJC_WEAK = YES;
				CLANG_WARN_BLOCK_CAPTURE_AUTORELEASING = YES;
				CLANG_WARN_BOOL_CONVERSION = YES;
				CLANG_WARN_COMMA = YES;
				CLANG_WARN_CONSTANT_CONVERSION = YES;
				CLANG_WARN_DEPRECATED_OBJC_IMPLEMENTATIONS = YES;
				CLANG_WARN_DIRECT_OBJC_ISA_USAGE = YES_ERROR;
				CLANG_WARN_DOCUMENTATION_COMMENTS = YES;
				CLANG_WARN_EMPTY_BODY = YES;
				CLANG_WARN_ENUM_CONVERSION = YES;
				CLANG_WARN_INFINITE_RECURSION = YES;
				CLANG_WARN_INT_CONVERSION = YES;
				CLANG_WARN_NON_LITERAL_NULL_CONVERSION = YES;
				CLANG_WARN_OBJC_IMPLICIT_RETAIN_SELF = YES;
				CLANG_WARN_OBJC_LITERAL_CONVERSION = YES;
				CLANG_WARN_OBJC_ROOT_CLASS = YES_ERROR;
				CLANG_WARN_QUOTED_INCLUDE_IN_FRAMEWORK_HEADER = YES;
				CLANG_WARN_RANGE_LOOP_ANALYSIS = YES;
				CLANG_WARN_STRICT_PROTOTYPES = YES;
				CLANG_WARN_SUSPICIOUS_MOVE = YES;
				CLANG_WARN_UNGUARDED_AVAILABILITY = YES_AGGRESSIVE;
				CLANG_WARN_UNREACHABLE_CODE = YES;
				CLANG_WARN__DUPLICATE_METHOD_MATCH = YES;
				COPY_PHASE_STRIP = NO;
				DEBUG_INFORMATION_FORMAT = dwarf;
				ENABLE_STRICT_OBJC_MSGSEND = YES;
				ENABLE_TESTABILITY = YES;
				GCC_C_LANGUAGE_STANDARD = gnu11;
				GCC_DYNAMIC_NO_PIC = NO;
				GCC_NO_COMMON_BLOCKS = YES;
				GCC_OPTIMIZATION_LEVEL = 0;
				GCC_PREPROCESSOR_DEFINITIONS = (
					"DEBUG=1",
					"$(inherited)",
				);
				GCC_WARN_64_TO_32_BIT_CONVERSION = YES;
				GCC_WARN_ABOUT_RETURN_TYPE = YES_ERROR;
				GCC_WARN_UNDECLARED_SELECTOR = YES;
				GCC_WARN_UNINITIALIZED_AUTOS = YES_AGGRESSIVE;
				GCC_WARN_UNUSED_FUNCTION = YES;
				GCC_WARN_UNUSED_VARIABLE = YES;
				IPHONEOS_DEPLOYMENT_TARGET = 14.0;
				MTL_ENABLE_DEBUG_INFO = INCLUDE_SOURCE;
				MTL_FAST_MATH = YES;
				ONLY_ACTIVE_ARCH = YES;
				SDKROOT = iphoneos;
				SWIFT_ACTIVE_COMPILATION_CONDITIONS = DEBUG;
				SWIFT_OPTIMIZATION_LEVEL = "-Onone";
			};
			name = Debug;
		};
		63CD38CF24F8148500C0F21C /* Release */ = {
			isa = XCBuildConfiguration;
			buildSettings = {
				ALWAYS_SEARCH_USER_PATHS = NO;
				CLANG_ANALYZER_NONNULL = YES;
				CLANG_ANALYZER_NUMBER_OBJECT_CONVERSION = YES_AGGRESSIVE;
				CLANG_CXX_LANGUAGE_STANDARD = "gnu++14";
				CLANG_CXX_LIBRARY = "libc++";
				CLANG_ENABLE_MODULES = YES;
				CLANG_ENABLE_OBJC_ARC = YES;
				CLANG_ENABLE_OBJC_WEAK = YES;
				CLANG_WARN_BLOCK_CAPTURE_AUTORELEASING = YES;
				CLANG_WARN_BOOL_CONVERSION = YES;
				CLANG_WARN_COMMA = YES;
				CLANG_WARN_CONSTANT_CONVERSION = YES;
				CLANG_WARN_DEPRECATED_OBJC_IMPLEMENTATIONS = YES;
				CLANG_WARN_DIRECT_OBJC_ISA_USAGE = YES_ERROR;
				CLANG_WARN_DOCUMENTATION_COMMENTS = YES;
				CLANG_WARN_EMPTY_BODY = YES;
				CLANG_WARN_ENUM_CONVERSION = YES;
				CLANG_WARN_INFINITE_RECURSION = YES;
				CLANG_WARN_INT_CONVERSION = YES;
				CLANG_WARN_NON_LITERAL_NULL_CONVERSION = YES;
				CLANG_WARN_OBJC_IMPLICIT_RETAIN_SELF = YES;
				CLANG_WARN_OBJC_LITERAL_CONVERSION = YES;
				CLANG_WARN_OBJC_ROOT_CLASS = YES_ERROR;
				CLANG_WARN_QUOTED_INCLUDE_IN_FRAMEWORK_HEADER = YES;
				CLANG_WARN_RANGE_LOOP_ANALYSIS = YES;
				CLANG_WARN_STRICT_PROTOTYPES = YES;
				CLANG_WARN_SUSPICIOUS_MOVE = YES;
				CLANG_WARN_UNGUARDED_AVAILABILITY = YES_AGGRESSIVE;
				CLANG_WARN_UNREACHABLE_CODE = YES;
				CLANG_WARN__DUPLICATE_METHOD_MATCH = YES;
				COPY_PHASE_STRIP = NO;
				DEBUG_INFORMATION_FORMAT = "dwarf-with-dsym";
				ENABLE_NS_ASSERTIONS = NO;
				ENABLE_STRICT_OBJC_MSGSEND = YES;
				GCC_C_LANGUAGE_STANDARD = gnu11;
				GCC_NO_COMMON_BLOCKS = YES;
				GCC_WARN_64_TO_32_BIT_CONVERSION = YES;
				GCC_WARN_ABOUT_RETURN_TYPE = YES_ERROR;
				GCC_WARN_UNDECLARED_SELECTOR = YES;
				GCC_WARN_UNINITIALIZED_AUTOS = YES_AGGRESSIVE;
				GCC_WARN_UNUSED_FUNCTION = YES;
				GCC_WARN_UNUSED_VARIABLE = YES;
				IPHONEOS_DEPLOYMENT_TARGET = 14.0;
				MTL_ENABLE_DEBUG_INFO = NO;
				MTL_FAST_MATH = YES;
				SDKROOT = iphoneos;
				SWIFT_COMPILATION_MODE = wholemodule;
				SWIFT_OPTIMIZATION_LEVEL = "-O";
				VALIDATE_PRODUCT = YES;
			};
			name = Release;
		};
		63CD38D124F8148500C0F21C /* Debug */ = {
			isa = XCBuildConfiguration;
			buildSettings = {
				ASSETCATALOG_COMPILER_APPICON_NAME = AppIcon;
				ASSETCATALOG_COMPILER_GLOBAL_ACCENT_COLOR_NAME = AccentColor;
				CODE_SIGN_STYLE = Automatic;
				DEVELOPMENT_ASSET_PATHS = "\"SwiftUIPortfolioScreens/Preview Content\"";
				DEVELOPMENT_TEAM = P7DFWNNEL3;
				ENABLE_PREVIEWS = YES;
				INFOPLIST_FILE = SwiftUIPortfolioScreens/Info.plist;
				LD_RUNPATH_SEARCH_PATHS = (
					"$(inherited)",
					"@executable_path/Frameworks",
				);
				PRODUCT_BUNDLE_IDENTIFIER = io.github.chadarutherford.SwiftUIPortfolioScreens;
				PRODUCT_NAME = "$(TARGET_NAME)";
				SWIFT_VERSION = 5.0;
				TARGETED_DEVICE_FAMILY = "1,2";
			};
			name = Debug;
		};
		63CD38D224F8148500C0F21C /* Release */ = {
			isa = XCBuildConfiguration;
			buildSettings = {
				ASSETCATALOG_COMPILER_APPICON_NAME = AppIcon;
				ASSETCATALOG_COMPILER_GLOBAL_ACCENT_COLOR_NAME = AccentColor;
				CODE_SIGN_STYLE = Automatic;
				DEVELOPMENT_ASSET_PATHS = "\"SwiftUIPortfolioScreens/Preview Content\"";
				DEVELOPMENT_TEAM = P7DFWNNEL3;
				ENABLE_PREVIEWS = YES;
				INFOPLIST_FILE = SwiftUIPortfolioScreens/Info.plist;
				LD_RUNPATH_SEARCH_PATHS = (
					"$(inherited)",
					"@executable_path/Frameworks",
				);
				PRODUCT_BUNDLE_IDENTIFIER = io.github.chadarutherford.SwiftUIPortfolioScreens;
				PRODUCT_NAME = "$(TARGET_NAME)";
				SWIFT_VERSION = 5.0;
				TARGETED_DEVICE_FAMILY = "1,2";
			};
			name = Release;
		};
/* End XCBuildConfiguration section */

/* Begin XCConfigurationList section */
		63CD38B724F8148400C0F21C /* Build configuration list for PBXProject "SwiftUIPortfolioScreens" */ = {
			isa = XCConfigurationList;
			buildConfigurations = (
				63CD38CE24F8148500C0F21C /* Debug */,
				63CD38CF24F8148500C0F21C /* Release */,
			);
			defaultConfigurationIsVisible = 0;
			defaultConfigurationName = Release;
		};
		63CD38D024F8148500C0F21C /* Build configuration list for PBXNativeTarget "SwiftUIPortfolioScreens" */ = {
			isa = XCConfigurationList;
			buildConfigurations = (
				63CD38D124F8148500C0F21C /* Debug */,
				63CD38D224F8148500C0F21C /* Release */,
			);
			defaultConfigurationIsVisible = 0;
			defaultConfigurationName = Release;
		};
/* End XCConfigurationList section */
	};
	rootObject = 63CD38B424F8148400C0F21C /* Project object */;
}
