// !$*UTF8*$!
{
	archiveVersion = 1;
	classes = {
	};
	objectVersion = 50;
	objects = {

/* Begin PBXBuildFile section */
		6376BF7224F6CF0700834114 /* HStackPractice.swift in Sources */ = {isa = PBXBuildFile; fileRef = 6376BF7124F6CF0700834114 /* HStackPractice.swift */; };
		6376BF7424F6D27000834114 /* HStackBlueprint.swift in Sources */ = {isa = PBXBuildFile; fileRef = 6376BF7324F6D27000834114 /* HStackBlueprint.swift */; };
		6384D67F24F58C7B0040E739 /* AppDelegate.swift in Sources */ = {isa = PBXBuildFile; fileRef = 6384D67E24F58C7B0040E739 /* AppDelegate.swift */; };
		6384D68124F58C7B0040E739 /* SceneDelegate.swift in Sources */ = {isa = PBXBuildFile; fileRef = 6384D68024F58C7B0040E739 /* SceneDelegate.swift */; };
		6384D68324F58C7B0040E739 /* ContentView.swift in Sources */ = {isa = PBXBuildFile; fileRef = 6384D68224F58C7B0040E739 /* ContentView.swift */; };
		6384D68524F58C7C0040E739 /* Assets.xcassets in Resources */ = {isa = PBXBuildFile; fileRef = 6384D68424F58C7C0040E739 /* Assets.xcassets */; };
		6384D68824F58C7C0040E739 /* Preview Assets.xcassets in Resources */ = {isa = PBXBuildFile; fileRef = 6384D68724F58C7C0040E739 /* Preview Assets.xcassets */; };
		6384D68B24F58C7C0040E739 /* LaunchScreen.storyboard in Resources */ = {isa = PBXBuildFile; fileRef = 6384D68924F58C7C0040E739 /* LaunchScreen.storyboard */; };
/* End PBXBuildFile section */

/* Begin PBXFileReference section */
		6376BF7124F6CF0700834114 /* HStackPractice.swift */ = {isa = PBXFileReference; lastKnownFileType = sourcecode.swift; path = HStackPractice.swift; sourceTree = "<group>"; };
		6376BF7324F6D27000834114 /* HStackBlueprint.swift */ = {isa = PBXFileReference; lastKnownFileType = sourcecode.swift; path = HStackBlueprint.swift; sourceTree = "<group>"; };
		6384D67B24F58C7B0040E739 /* HStackMastery.app */ = {isa = PBXFileReference; explicitFileType = wrapper.application; includeInIndex = 0; path = HStackMastery.app; sourceTree = BUILT_PRODUCTS_DIR; };
		6384D67E24F58C7B0040E739 /* AppDelegate.swift */ = {isa = PBXFileReference; lastKnownFileType = sourcecode.swift; path = AppDelegate.swift; sourceTree = "<group>"; };
		6384D68024F58C7B0040E739 /* SceneDelegate.swift */ = {isa = PBXFileReference; lastKnownFileType = sourcecode.swift; path = SceneDelegate.swift; sourceTree = "<group>"; };
		6384D68224F58C7B0040E739 /* ContentView.swift */ = {isa = PBXFileReference; lastKnownFileType = sourcecode.swift; path = ContentView.swift; sourceTree = "<group>"; };
		6384D68424F58C7C0040E739 /* Assets.xcassets */ = {isa = PBXFileReference; lastKnownFileType = folder.assetcatalog; path = Assets.xcassets; sourceTree = "<group>"; };
		6384D68724F58C7C0040E739 /* Preview Assets.xcassets */ = {isa = PBXFileReference; lastKnownFileType = folder.assetcatalog; path = "Preview Assets.xcassets"; sourceTree = "<group>"; };
		6384D68A24F58C7C0040E739 /* Base */ = {isa = PBXFileReference; lastKnownFileType = file.storyboard; name = Base; path = Base.lproj/LaunchScreen.storyboard; sourceTree = "<group>"; };
		6384D68C24F58C7C0040E739 /* Info.plist */ = {isa = PBXFileReference; lastKnownFileType = text.plist.xml; path = Info.plist; sourceTree = "<group>"; };
/* End PBXFileReference section */

/* Begin PBXFrameworksBuildPhase section */
		6384D67824F58C7B0040E739 /* Frameworks */ = {
			isa = PBXFrameworksBuildPhase;
			buildActionMask = 2147483647;
			files = (
			);
			runOnlyForDeploymentPostprocessing = 0;
		};
/* End PBXFrameworksBuildPhase section */

/* Begin PBXGroup section */
		6384D67224F58C7B0040E739 = {
			isa = PBXGroup;
			children = (
				6384D67D24F58C7B0040E739 /* HStackMastery */,
				6384D67C24F58C7B0040E739 /* Products */,
			);
			sourceTree = "<group>";
		};
		6384D67C24F58C7B0040E739 /* Products */ = {
			isa = PBXGroup;
			children = (
				6384D67B24F58C7B0040E739 /* HStackMastery.app */,
			);
			name = Products;
			sourceTree = "<group>";
		};
		6384D67D24F58C7B0040E739 /* HStackMastery */ = {
			isa = PBXGroup;
			children = (
				6384D67E24F58C7B0040E739 /* AppDelegate.swift */,
				6384D68024F58C7B0040E739 /* SceneDelegate.swift */,
				6376BF7124F6CF0700834114 /* HStackPractice.swift */,
				6376BF7324F6D27000834114 /* HStackBlueprint.swift */,
				6384D68224F58C7B0040E739 /* ContentView.swift */,
				6384D68424F58C7C0040E739 /* Assets.xcassets */,
				6384D68924F58C7C0040E739 /* LaunchScreen.storyboard */,
				6384D68C24F58C7C0040E739 /* Info.plist */,
				6384D68624F58C7C0040E739 /* Preview Content */,
			);
			path = HStackMastery;
			sourceTree = "<group>";
		};
		6384D68624F58C7C0040E739 /* Preview Content */ = {
			isa = PBXGroup;
			children = (
				6384D68724F58C7C0040E739 /* Preview Assets.xcassets */,
			);
			path = "Preview Content";
			sourceTree = "<group>";
		};
/* End PBXGroup section */

/* Begin PBXNativeTarget section */
		6384D67A24F58C7B0040E739 /* HStackMastery */ = {
			isa = PBXNativeTarget;
			buildConfigurationList = 6384D68F24F58C7C0040E739 /* Build configuration list for PBXNativeTarget "HStackMastery" */;
			buildPhases = (
				6384D67724F58C7B0040E739 /* Sources */,
				6384D67824F58C7B0040E739 /* Frameworks */,
				6384D67924F58C7B0040E739 /* Resources */,
			);
			buildRules = (
			);
			dependencies = (
			);
			name = HStackMastery;
			productName = HStackMastery;
			productReference = 6384D67B24F58C7B0040E739 /* HStackMastery.app */;
			productType = "com.apple.product-type.application";
		};
/* End PBXNativeTarget section */

/* Begin PBXProject section */
		6384D67324F58C7B0040E739 /* Project object */ = {
			isa = PBXProject;
			attributes = {
				LastSwiftUpdateCheck = 1200;
				LastUpgradeCheck = 1200;
				TargetAttributes = {
					6384D67A24F58C7B0040E739 = {
						CreatedOnToolsVersion = 12.0;
					};
				};
			};
			buildConfigurationList = 6384D67624F58C7B0040E739 /* Build configuration list for PBXProject "HStackMastery" */;
			compatibilityVersion = "Xcode 9.3";
			developmentRegion = en;
			hasScannedForEncodings = 0;
			knownRegions = (
				en,
				Base,
			);
			mainGroup = 6384D67224F58C7B0040E739;
			productRefGroup = 6384D67C24F58C7B0040E739 /* Products */;
			projectDirPath = "";
			projectRoot = "";
			targets = (
				6384D67A24F58C7B0040E739 /* HStackMastery */,
			);
		};
/* End PBXProject section */

/* Begin PBXResourcesBuildPhase section */
		6384D67924F58C7B0040E739 /* Resources */ = {
			isa = PBXResourcesBuildPhase;
			buildActionMask = 2147483647;
			files = (
				6384D68B24F58C7C0040E739 /* LaunchScreen.storyboard in Resources */,
				6384D68824F58C7C0040E739 /* Preview Assets.xcassets in Resources */,
				6384D68524F58C7C0040E739 /* Assets.xcassets in Resources */,
			);
			runOnlyForDeploymentPostprocessing = 0;
		};
/* End PBXResourcesBuildPhase section */

/* Begin PBXSourcesBuildPhase section */
		6384D67724F58C7B0040E739 /* Sources */ = {
			isa = PBXSourcesBuildPhase;
			buildActionMask = 2147483647;
			files = (
				6376BF7224F6CF0700834114 /* HStackPractice.swift in Sources */,
				6384D67F24F58C7B0040E739 /* AppDelegate.swift in Sources */,
				6384D68124F58C7B0040E739 /* SceneDelegate.swift in Sources */,
				6376BF7424F6D27000834114 /* HStackBlueprint.swift in Sources */,
				6384D68324F58C7B0040E739 /* ContentView.swift in Sources */,
			);
			runOnlyForDeploymentPostprocessing = 0;
		};
/* End PBXSourcesBuildPhase section */

/* Begin PBXVariantGroup section */
		6384D68924F58C7C0040E739 /* LaunchScreen.storyboard */ = {
			isa = PBXVariantGroup;
			children = (
				6384D68A24F58C7C0040E739 /* Base */,
			);
			name = LaunchScreen.storyboard;
			sourceTree = "<group>";
		};
/* End PBXVariantGroup section */

/* Begin XCBuildConfiguration section */
		6384D68D24F58C7C0040E739 /* Debug */ = {
			isa = XCBuildConfiguration;
			buildSettings = {
				ALWAYS_SEARCH_USER_PATHS = NO;
				CLANG_ANALYZER_NONNULL = YES;
				CLANG_ANALYZER_NUMBER_OBJECT_CONVERSION = YES_AGGRESSIVE;
				CLANG_CXX_LANGUAGE_STANDARD = "gnu++14";
				CLANG_CXX_LIBRARY = "libc++";
				CLANG_ENABLE_MODULES = YES;
				CLANG_ENABLE_OBJC_ARC = YES;
				CLANG_ENABLE_OBJC_WEAK = YES;
				CLANG_WARN_BLOCK_CAPTURE_AUTORELEASING = YES;
				CLANG_WARN_BOOL_CONVERSION = YES;
				CLANG_WARN_COMMA = YES;
				CLANG_WARN_CONSTANT_CONVERSION = YES;
				CLANG_WARN_DEPRECATED_OBJC_IMPLEMENTATIONS = YES;
				CLANG_WARN_DIRECT_OBJC_ISA_USAGE = YES_ERROR;
				CLANG_WARN_DOCUMENTATION_COMMENTS = YES;
				CLANG_WARN_EMPTY_BODY = YES;
				CLANG_WARN_ENUM_CONVERSION = YES;
				CLANG_WARN_INFINITE_RECURSION = YES;
				CLANG_WARN_INT_CONVERSION = YES;
				CLANG_WARN_NON_LITERAL_NULL_CONVERSION = YES;
				CLANG_WARN_OBJC_IMPLICIT_RETAIN_SELF = YES;
				CLANG_WARN_OBJC_LITERAL_CONVERSION = YES;
				CLANG_WARN_OBJC_ROOT_CLASS = YES_ERROR;
				CLANG_WARN_QUOTED_INCLUDE_IN_FRAMEWORK_HEADER = YES;
				CLANG_WARN_RANGE_LOOP_ANALYSIS = YES;
				CLANG_WARN_STRICT_PROTOTYPES = YES;
				CLANG_WARN_SUSPICIOUS_MOVE = YES;
				CLANG_WARN_UNGUARDED_AVAILABILITY = YES_AGGRESSIVE;
				CLANG_WARN_UNREACHABLE_CODE = YES;
				CLANG_WARN__DUPLICATE_METHOD_MATCH = YES;
				COPY_PHASE_STRIP = NO;
				DEBUG_INFORMATION_FORMAT = dwarf;
				ENABLE_STRICT_OBJC_MSGSEND = YES;
				ENABLE_TESTABILITY = YES;
				GCC_C_LANGUAGE_STANDARD = gnu11;
				GCC_DYNAMIC_NO_PIC = NO;
				GCC_NO_COMMON_BLOCKS = YES;
				GCC_OPTIMIZATION_LEVEL = 0;
				GCC_PREPROCESSOR_DEFINITIONS = (
					"DEBUG=1",
					"$(inherited)",
				);
				GCC_WARN_64_TO_32_BIT_CONVERSION = YES;
				GCC_WARN_ABOUT_RETURN_TYPE = YES_ERROR;
				GCC_WARN_UNDECLARED_SELECTOR = YES;
				GCC_WARN_UNINITIALIZED_AUTOS = YES_AGGRESSIVE;
				GCC_WARN_UNUSED_FUNCTION = YES;
				GCC_WARN_UNUSED_VARIABLE = YES;
				IPHONEOS_DEPLOYMENT_TARGET = 14.0;
				MTL_ENABLE_DEBUG_INFO = INCLUDE_SOURCE;
				MTL_FAST_MATH = YES;
				ONLY_ACTIVE_ARCH = YES;
				SDKROOT = iphoneos;
				SWIFT_ACTIVE_COMPILATION_CONDITIONS = DEBUG;
				SWIFT_OPTIMIZATION_LEVEL = "-Onone";
			};
			name = Debug;
		};
		6384D68E24F58C7C0040E739 /* Release */ = {
			isa = XCBuildConfiguration;
			buildSettings = {
				ALWAYS_SEARCH_USER_PATHS = NO;
				CLANG_ANALYZER_NONNULL = YES;
				CLANG_ANALYZER_NUMBER_OBJECT_CONVERSION = YES_AGGRESSIVE;
				CLANG_CXX_LANGUAGE_STANDARD = "gnu++14";
				CLANG_CXX_LIBRARY = "libc++";
				CLANG_ENABLE_MODULES = YES;
				CLANG_ENABLE_OBJC_ARC = YES;
				CLANG_ENABLE_OBJC_WEAK = YES;
				CLANG_WARN_BLOCK_CAPTURE_AUTORELEASING = YES;
				CLANG_WARN_BOOL_CONVERSION = YES;
				CLANG_WARN_COMMA = YES;
				CLANG_WARN_CONSTANT_CONVERSION = YES;
				CLANG_WARN_DEPRECATED_OBJC_IMPLEMENTATIONS = YES;
				CLANG_WARN_DIRECT_OBJC_ISA_USAGE = YES_ERROR;
				CLANG_WARN_DOCUMENTATION_COMMENTS = YES;
				CLANG_WARN_EMPTY_BODY = YES;
				CLANG_WARN_ENUM_CONVERSION = YES;
				CLANG_WARN_INFINITE_RECURSION = YES;
				CLANG_WARN_INT_CONVERSION = YES;
				CLANG_WARN_NON_LITERAL_NULL_CONVERSION = YES;
				CLANG_WARN_OBJC_IMPLICIT_RETAIN_SELF = YES;
				CLANG_WARN_OBJC_LITERAL_CONVERSION = YES;
				CLANG_WARN_OBJC_ROOT_CLASS = YES_ERROR;
				CLANG_WARN_QUOTED_INCLUDE_IN_FRAMEWORK_HEADER = YES;
				CLANG_WARN_RANGE_LOOP_ANALYSIS = YES;
				CLANG_WARN_STRICT_PROTOTYPES = YES;
				CLANG_WARN_SUSPICIOUS_MOVE = YES;
				CLANG_WARN_UNGUARDED_AVAILABILITY = YES_AGGRESSIVE;
				CLANG_WARN_UNREACHABLE_CODE = YES;
				CLANG_WARN__DUPLICATE_METHOD_MATCH = YES;
				COPY_PHASE_STRIP = NO;
				DEBUG_INFORMATION_FORMAT = "dwarf-with-dsym";
				ENABLE_NS_ASSERTIONS = NO;
				ENABLE_STRICT_OBJC_MSGSEND = YES;
				GCC_C_LANGUAGE_STANDARD = gnu11;
				GCC_NO_COMMON_BLOCKS = YES;
				GCC_WARN_64_TO_32_BIT_CONVERSION = YES;
				GCC_WARN_ABOUT_RETURN_TYPE = YES_ERROR;
				GCC_WARN_UNDECLARED_SELECTOR = YES;
				GCC_WARN_UNINITIALIZED_AUTOS = YES_AGGRESSIVE;
				GCC_WARN_UNUSED_FUNCTION = YES;
				GCC_WARN_UNUSED_VARIABLE = YES;
				IPHONEOS_DEPLOYMENT_TARGET = 14.0;
				MTL_ENABLE_DEBUG_INFO = NO;
				MTL_FAST_MATH = YES;
				SDKROOT = iphoneos;
				SWIFT_COMPILATION_MODE = wholemodule;
				SWIFT_OPTIMIZATION_LEVEL = "-O";
				VALIDATE_PRODUCT = YES;
			};
			name = Release;
		};
		6384D69024F58C7C0040E739 /* Debug */ = {
			isa = XCBuildConfiguration;
			buildSettings = {
				ASSETCATALOG_COMPILER_APPICON_NAME = AppIcon;
				ASSETCATALOG_COMPILER_GLOBAL_ACCENT_COLOR_NAME = AccentColor;
				CODE_SIGN_STYLE = Automatic;
				DEVELOPMENT_ASSET_PATHS = "\"HStackMastery/Preview Content\"";
				DEVELOPMENT_TEAM = P7DFWNNEL3;
				ENABLE_PREVIEWS = YES;
				INFOPLIST_FILE = HStackMastery/Info.plist;
				LD_RUNPATH_SEARCH_PATHS = (
					"$(inherited)",
					"@executable_path/Frameworks",
				);
				PRODUCT_BUNDLE_IDENTIFIER = io.github.chadarutherford.HStackMastery;
				PRODUCT_NAME = "$(TARGET_NAME)";
				SWIFT_VERSION = 5.0;
				TARGETED_DEVICE_FAMILY = "1,2";
			};
			name = Debug;
		};
		6384D69124F58C7C0040E739 /* Release */ = {
			isa = XCBuildConfiguration;
			buildSettings = {
				ASSETCATALOG_COMPILER_APPICON_NAME = AppIcon;
				ASSETCATALOG_COMPILER_GLOBAL_ACCENT_COLOR_NAME = AccentColor;
				CODE_SIGN_STYLE = Automatic;
				DEVELOPMENT_ASSET_PATHS = "\"HStackMastery/Preview Content\"";
				DEVELOPMENT_TEAM = P7DFWNNEL3;
				ENABLE_PREVIEWS = YES;
				INFOPLIST_FILE = HStackMastery/Info.plist;
				LD_RUNPATH_SEARCH_PATHS = (
					"$(inherited)",
					"@executable_path/Frameworks",
				);
				PRODUCT_BUNDLE_IDENTIFIER = io.github.chadarutherford.HStackMastery;
				PRODUCT_NAME = "$(TARGET_NAME)";
				SWIFT_VERSION = 5.0;
				TARGETED_DEVICE_FAMILY = "1,2";
			};
			name = Release;
		};
/* End XCBuildConfiguration section */

/* Begin XCConfigurationList section */
		6384D67624F58C7B0040E739 /* Build configuration list for PBXProject "HStackMastery" */ = {
			isa = XCConfigurationList;
			buildConfigurations = (
				6384D68D24F58C7C0040E739 /* Debug */,
				6384D68E24F58C7C0040E739 /* Release */,
			);
			defaultConfigurationIsVisible = 0;
			defaultConfigurationName = Release;
		};
		6384D68F24F58C7C0040E739 /* Build configuration list for PBXNativeTarget "HStackMastery" */ = {
			isa = XCConfigurationList;
			buildConfigurations = (
				6384D69024F58C7C0040E739 /* Debug */,
				6384D69124F58C7C0040E739 /* Release */,
			);
			defaultConfigurationIsVisible = 0;
			defaultConfigurationName = Release;
		};
/* End XCConfigurationList section */
	};
	rootObject = 6384D67324F58C7B0040E739 /* Project object */;
}
