// !$*UTF8*$!
{
	archiveVersion = 1;
	classes = {
	};
	objectVersion = 50;
	objects = {

/* Begin PBXBuildFile section */
		633D63EE24F6FD2D00D471AC /* AppDelegate.swift in Sources */ = {isa = PBXBuildFile; fileRef = 633D63ED24F6FD2D00D471AC /* AppDelegate.swift */; };
		633D63F024F6FD2D00D471AC /* SceneDelegate.swift in Sources */ = {isa = PBXBuildFile; fileRef = 633D63EF24F6FD2D00D471AC /* SceneDelegate.swift */; };
		633D63F224F6FD2D00D471AC /* ContentView.swift in Sources */ = {isa = PBXBuildFile; fileRef = 633D63F124F6FD2D00D471AC /* ContentView.swift */; };
		633D63F424F6FD2E00D471AC /* Assets.xcassets in Resources */ = {isa = PBXBuildFile; fileRef = 633D63F324F6FD2E00D471AC /* Assets.xcassets */; };
		633D63F724F6FD2E00D471AC /* Preview Assets.xcassets in Resources */ = {isa = PBXBuildFile; fileRef = 633D63F624F6FD2E00D471AC /* Preview Assets.xcassets */; };
		633D63FA24F6FD2E00D471AC /* LaunchScreen.storyboard in Resources */ = {isa = PBXBuildFile; fileRef = 633D63F824F6FD2E00D471AC /* LaunchScreen.storyboard */; };
		633D640324F6FE1000D471AC /* Login1.swift in Sources */ = {isa = PBXBuildFile; fileRef = 633D640224F6FE1000D471AC /* Login1.swift */; };
		633D640524F7395C00D471AC /* Color+Ext.swift in Sources */ = {isa = PBXBuildFile; fileRef = 633D640424F7395C00D471AC /* Color+Ext.swift */; };
/* End PBXBuildFile section */

/* Begin PBXFileReference section */
		633D63EA24F6FD2D00D471AC /* LoginScreenPractice.app */ = {isa = PBXFileReference; explicitFileType = wrapper.application; includeInIndex = 0; path = LoginScreenPractice.app; sourceTree = BUILT_PRODUCTS_DIR; };
		633D63ED24F6FD2D00D471AC /* AppDelegate.swift */ = {isa = PBXFileReference; lastKnownFileType = sourcecode.swift; path = AppDelegate.swift; sourceTree = "<group>"; };
		633D63EF24F6FD2D00D471AC /* SceneDelegate.swift */ = {isa = PBXFileReference; lastKnownFileType = sourcecode.swift; path = SceneDelegate.swift; sourceTree = "<group>"; };
		633D63F124F6FD2D00D471AC /* ContentView.swift */ = {isa = PBXFileReference; lastKnownFileType = sourcecode.swift; path = ContentView.swift; sourceTree = "<group>"; };
		633D63F324F6FD2E00D471AC /* Assets.xcassets */ = {isa = PBXFileReference; lastKnownFileType = folder.assetcatalog; path = Assets.xcassets; sourceTree = "<group>"; };
		633D63F624F6FD2E00D471AC /* Preview Assets.xcassets */ = {isa = PBXFileReference; lastKnownFileType = folder.assetcatalog; path = "Preview Assets.xcassets"; sourceTree = "<group>"; };
		633D63F924F6FD2E00D471AC /* Base */ = {isa = PBXFileReference; lastKnownFileType = file.storyboard; name = Base; path = Base.lproj/LaunchScreen.storyboard; sourceTree = "<group>"; };
		633D63FB24F6FD2E00D471AC /* Info.plist */ = {isa = PBXFileReference; lastKnownFileType = text.plist.xml; path = Info.plist; sourceTree = "<group>"; };
		633D640224F6FE1000D471AC /* Login1.swift */ = {isa = PBXFileReference; lastKnownFileType = sourcecode.swift; path = Login1.swift; sourceTree = "<group>"; };
		633D640424F7395C00D471AC /* Color+Ext.swift */ = {isa = PBXFileReference; lastKnownFileType = sourcecode.swift; path = "Color+Ext.swift"; sourceTree = "<group>"; };
/* End PBXFileReference section */

/* Begin PBXFrameworksBuildPhase section */
		633D63E724F6FD2D00D471AC /* Frameworks */ = {
			isa = PBXFrameworksBuildPhase;
			buildActionMask = 2147483647;
			files = (
			);
			runOnlyForDeploymentPostprocessing = 0;
		};
/* End PBXFrameworksBuildPhase section */

/* Begin PBXGroup section */
		633D63E124F6FD2D00D471AC = {
			isa = PBXGroup;
			children = (
				633D63EC24F6FD2D00D471AC /* LoginScreenPractice */,
				633D63EB24F6FD2D00D471AC /* Products */,
			);
			sourceTree = "<group>";
		};
		633D63EB24F6FD2D00D471AC /* Products */ = {
			isa = PBXGroup;
			children = (
				633D63EA24F6FD2D00D471AC /* LoginScreenPractice.app */,
			);
			name = Products;
			sourceTree = "<group>";
		};
		633D63EC24F6FD2D00D471AC /* LoginScreenPractice */ = {
			isa = PBXGroup;
			children = (
				633D640424F7395C00D471AC /* Color+Ext.swift */,
				633D640124F6FDF000D471AC /* Login Screens */,
				633D63ED24F6FD2D00D471AC /* AppDelegate.swift */,
				633D63EF24F6FD2D00D471AC /* SceneDelegate.swift */,
				633D63F124F6FD2D00D471AC /* ContentView.swift */,
				633D63F324F6FD2E00D471AC /* Assets.xcassets */,
				633D63F824F6FD2E00D471AC /* LaunchScreen.storyboard */,
				633D63FB24F6FD2E00D471AC /* Info.plist */,
				633D63F524F6FD2E00D471AC /* Preview Content */,
			);
			path = LoginScreenPractice;
			sourceTree = "<group>";
		};
		633D63F524F6FD2E00D471AC /* Preview Content */ = {
			isa = PBXGroup;
			children = (
				633D63F624F6FD2E00D471AC /* Preview Assets.xcassets */,
			);
			path = "Preview Content";
			sourceTree = "<group>";
		};
		633D640124F6FDF000D471AC /* Login Screens */ = {
			isa = PBXGroup;
			children = (
				633D640224F6FE1000D471AC /* Login1.swift */,
			);
			path = "Login Screens";
			sourceTree = "<group>";
		};
/* End PBXGroup section */

/* Begin PBXNativeTarget section */
		633D63E924F6FD2D00D471AC /* LoginScreenPractice */ = {
			isa = PBXNativeTarget;
			buildConfigurationList = 633D63FE24F6FD2E00D471AC /* Build configuration list for PBXNativeTarget "LoginScreenPractice" */;
			buildPhases = (
				633D63E624F6FD2D00D471AC /* Sources */,
				633D63E724F6FD2D00D471AC /* Frameworks */,
				633D63E824F6FD2D00D471AC /* Resources */,
			);
			buildRules = (
			);
			dependencies = (
			);
			name = LoginScreenPractice;
			productName = LoginScreenPractice;
			productReference = 633D63EA24F6FD2D00D471AC /* LoginScreenPractice.app */;
			productType = "com.apple.product-type.application";
		};
/* End PBXNativeTarget section */

/* Begin PBXProject section */
		633D63E224F6FD2D00D471AC /* Project object */ = {
			isa = PBXProject;
			attributes = {
				LastSwiftUpdateCheck = 1200;
				LastUpgradeCheck = 1200;
				TargetAttributes = {
					633D63E924F6FD2D00D471AC = {
						CreatedOnToolsVersion = 12.0;
					};
				};
			};
			buildConfigurationList = 633D63E524F6FD2D00D471AC /* Build configuration list for PBXProject "LoginScreenPractice" */;
			compatibilityVersion = "Xcode 9.3";
			developmentRegion = en;
			hasScannedForEncodings = 0;
			knownRegions = (
				en,
				Base,
			);
			mainGroup = 633D63E124F6FD2D00D471AC;
			productRefGroup = 633D63EB24F6FD2D00D471AC /* Products */;
			projectDirPath = "";
			projectRoot = "";
			targets = (
				633D63E924F6FD2D00D471AC /* LoginScreenPractice */,
			);
		};
/* End PBXProject section */

/* Begin PBXResourcesBuildPhase section */
		633D63E824F6FD2D00D471AC /* Resources */ = {
			isa = PBXResourcesBuildPhase;
			buildActionMask = 2147483647;
			files = (
				633D63FA24F6FD2E00D471AC /* LaunchScreen.storyboard in Resources */,
				633D63F724F6FD2E00D471AC /* Preview Assets.xcassets in Resources */,
				633D63F424F6FD2E00D471AC /* Assets.xcassets in Resources */,
			);
			runOnlyForDeploymentPostprocessing = 0;
		};
/* End PBXResourcesBuildPhase section */

/* Begin PBXSourcesBuildPhase section */
		633D63E624F6FD2D00D471AC /* Sources */ = {
			isa = PBXSourcesBuildPhase;
			buildActionMask = 2147483647;
			files = (
				633D63EE24F6FD2D00D471AC /* AppDelegate.swift in Sources */,
				633D640324F6FE1000D471AC /* Login1.swift in Sources */,
				633D63F024F6FD2D00D471AC /* SceneDelegate.swift in Sources */,
				633D63F224F6FD2D00D471AC /* ContentView.swift in Sources */,
				633D640524F7395C00D471AC /* Color+Ext.swift in Sources */,
			);
			runOnlyForDeploymentPostprocessing = 0;
		};
/* End PBXSourcesBuildPhase section */

/* Begin PBXVariantGroup section */
		633D63F824F6FD2E00D471AC /* LaunchScreen.storyboard */ = {
			isa = PBXVariantGroup;
			children = (
				633D63F924F6FD2E00D471AC /* Base */,
			);
			name = LaunchScreen.storyboard;
			sourceTree = "<group>";
		};
/* End PBXVariantGroup section */

/* Begin XCBuildConfiguration section */
		633D63FC24F6FD2E00D471AC /* Debug */ = {
			isa = XCBuildConfiguration;
			buildSettings = {
				ALWAYS_SEARCH_USER_PATHS = NO;
				CLANG_ANALYZER_NONNULL = YES;
				CLANG_ANALYZER_NUMBER_OBJECT_CONVERSION = YES_AGGRESSIVE;
				CLANG_CXX_LANGUAGE_STANDARD = "gnu++14";
				CLANG_CXX_LIBRARY = "libc++";
				CLANG_ENABLE_MODULES = YES;
				CLANG_ENABLE_OBJC_ARC = YES;
				CLANG_ENABLE_OBJC_WEAK = YES;
				CLANG_WARN_BLOCK_CAPTURE_AUTORELEASING = YES;
				CLANG_WARN_BOOL_CONVERSION = YES;
				CLANG_WARN_COMMA = YES;
				CLANG_WARN_CONSTANT_CONVERSION = YES;
				CLANG_WARN_DEPRECATED_OBJC_IMPLEMENTATIONS = YES;
				CLANG_WARN_DIRECT_OBJC_ISA_USAGE = YES_ERROR;
				CLANG_WARN_DOCUMENTATION_COMMENTS = YES;
				CLANG_WARN_EMPTY_BODY = YES;
				CLANG_WARN_ENUM_CONVERSION = YES;
				CLANG_WARN_INFINITE_RECURSION = YES;
				CLANG_WARN_INT_CONVERSION = YES;
				CLANG_WARN_NON_LITERAL_NULL_CONVERSION = YES;
				CLANG_WARN_OBJC_IMPLICIT_RETAIN_SELF = YES;
				CLANG_WARN_OBJC_LITERAL_CONVERSION = YES;
				CLANG_WARN_OBJC_ROOT_CLASS = YES_ERROR;
				CLANG_WARN_QUOTED_INCLUDE_IN_FRAMEWORK_HEADER = YES;
				CLANG_WARN_RANGE_LOOP_ANALYSIS = YES;
				CLANG_WARN_STRICT_PROTOTYPES = YES;
				CLANG_WARN_SUSPICIOUS_MOVE = YES;
				CLANG_WARN_UNGUARDED_AVAILABILITY = YES_AGGRESSIVE;
				CLANG_WARN_UNREACHABLE_CODE = YES;
				CLANG_WARN__DUPLICATE_METHOD_MATCH = YES;
				COPY_PHASE_STRIP = NO;
				DEBUG_INFORMATION_FORMAT = dwarf;
				ENABLE_STRICT_OBJC_MSGSEND = YES;
				ENABLE_TESTABILITY = YES;
				GCC_C_LANGUAGE_STANDARD = gnu11;
				GCC_DYNAMIC_NO_PIC = NO;
				GCC_NO_COMMON_BLOCKS = YES;
				GCC_OPTIMIZATION_LEVEL = 0;
				GCC_PREPROCESSOR_DEFINITIONS = (
					"DEBUG=1",
					"$(inherited)",
				);
				GCC_WARN_64_TO_32_BIT_CONVERSION = YES;
				GCC_WARN_ABOUT_RETURN_TYPE = YES_ERROR;
				GCC_WARN_UNDECLARED_SELECTOR = YES;
				GCC_WARN_UNINITIALIZED_AUTOS = YES_AGGRESSIVE;
				GCC_WARN_UNUSED_FUNCTION = YES;
				GCC_WARN_UNUSED_VARIABLE = YES;
				IPHONEOS_DEPLOYMENT_TARGET = 14.0;
				MTL_ENABLE_DEBUG_INFO = INCLUDE_SOURCE;
				MTL_FAST_MATH = YES;
				ONLY_ACTIVE_ARCH = YES;
				SDKROOT = iphoneos;
				SWIFT_ACTIVE_COMPILATION_CONDITIONS = DEBUG;
				SWIFT_OPTIMIZATION_LEVEL = "-Onone";
			};
			name = Debug;
		};
		633D63FD24F6FD2E00D471AC /* Release */ = {
			isa = XCBuildConfiguration;
			buildSettings = {
				ALWAYS_SEARCH_USER_PATHS = NO;
				CLANG_ANALYZER_NONNULL = YES;
				CLANG_ANALYZER_NUMBER_OBJECT_CONVERSION = YES_AGGRESSIVE;
				CLANG_CXX_LANGUAGE_STANDARD = "gnu++14";
				CLANG_CXX_LIBRARY = "libc++";
				CLANG_ENABLE_MODULES = YES;
				CLANG_ENABLE_OBJC_ARC = YES;
				CLANG_ENABLE_OBJC_WEAK = YES;
				CLANG_WARN_BLOCK_CAPTURE_AUTORELEASING = YES;
				CLANG_WARN_BOOL_CONVERSION = YES;
				CLANG_WARN_COMMA = YES;
				CLANG_WARN_CONSTANT_CONVERSION = YES;
				CLANG_WARN_DEPRECATED_OBJC_IMPLEMENTATIONS = YES;
				CLANG_WARN_DIRECT_OBJC_ISA_USAGE = YES_ERROR;
				CLANG_WARN_DOCUMENTATION_COMMENTS = YES;
				CLANG_WARN_EMPTY_BODY = YES;
				CLANG_WARN_ENUM_CONVERSION = YES;
				CLANG_WARN_INFINITE_RECURSION = YES;
				CLANG_WARN_INT_CONVERSION = YES;
				CLANG_WARN_NON_LITERAL_NULL_CONVERSION = YES;
				CLANG_WARN_OBJC_IMPLICIT_RETAIN_SELF = YES;
				CLANG_WARN_OBJC_LITERAL_CONVERSION = YES;
				CLANG_WARN_OBJC_ROOT_CLASS = YES_ERROR;
				CLANG_WARN_QUOTED_INCLUDE_IN_FRAMEWORK_HEADER = YES;
				CLANG_WARN_RANGE_LOOP_ANALYSIS = YES;
				CLANG_WARN_STRICT_PROTOTYPES = YES;
				CLANG_WARN_SUSPICIOUS_MOVE = YES;
				CLANG_WARN_UNGUARDED_AVAILABILITY = YES_AGGRESSIVE;
				CLANG_WARN_UNREACHABLE_CODE = YES;
				CLANG_WARN__DUPLICATE_METHOD_MATCH = YES;
				COPY_PHASE_STRIP = NO;
				DEBUG_INFORMATION_FORMAT = "dwarf-with-dsym";
				ENABLE_NS_ASSERTIONS = NO;
				ENABLE_STRICT_OBJC_MSGSEND = YES;
				GCC_C_LANGUAGE_STANDARD = gnu11;
				GCC_NO_COMMON_BLOCKS = YES;
				GCC_WARN_64_TO_32_BIT_CONVERSION = YES;
				GCC_WARN_ABOUT_RETURN_TYPE = YES_ERROR;
				GCC_WARN_UNDECLARED_SELECTOR = YES;
				GCC_WARN_UNINITIALIZED_AUTOS = YES_AGGRESSIVE;
				GCC_WARN_UNUSED_FUNCTION = YES;
				GCC_WARN_UNUSED_VARIABLE = YES;
				IPHONEOS_DEPLOYMENT_TARGET = 14.0;
				MTL_ENABLE_DEBUG_INFO = NO;
				MTL_FAST_MATH = YES;
				SDKROOT = iphoneos;
				SWIFT_COMPILATION_MODE = wholemodule;
				SWIFT_OPTIMIZATION_LEVEL = "-O";
				VALIDATE_PRODUCT = YES;
			};
			name = Release;
		};
		633D63FF24F6FD2E00D471AC /* Debug */ = {
			isa = XCBuildConfiguration;
			buildSettings = {
				ASSETCATALOG_COMPILER_APPICON_NAME = AppIcon;
				ASSETCATALOG_COMPILER_GLOBAL_ACCENT_COLOR_NAME = AccentColor;
				CODE_SIGN_STYLE = Automatic;
				DEVELOPMENT_ASSET_PATHS = "\"LoginScreenPractice/Preview Content\"";
				DEVELOPMENT_TEAM = P7DFWNNEL3;
				ENABLE_PREVIEWS = YES;
				INFOPLIST_FILE = LoginScreenPractice/Info.plist;
				LD_RUNPATH_SEARCH_PATHS = (
					"$(inherited)",
					"@executable_path/Frameworks",
				);
				PRODUCT_BUNDLE_IDENTIFIER = io.github.chadarutherford.LoginScreenPractice;
				PRODUCT_NAME = "$(TARGET_NAME)";
				SWIFT_VERSION = 5.0;
				TARGETED_DEVICE_FAMILY = "1,2";
			};
			name = Debug;
		};
		633D640024F6FD2E00D471AC /* Release */ = {
			isa = XCBuildConfiguration;
			buildSettings = {
				ASSETCATALOG_COMPILER_APPICON_NAME = AppIcon;
				ASSETCATALOG_COMPILER_GLOBAL_ACCENT_COLOR_NAME = AccentColor;
				CODE_SIGN_STYLE = Automatic;
				DEVELOPMENT_ASSET_PATHS = "\"LoginScreenPractice/Preview Content\"";
				DEVELOPMENT_TEAM = P7DFWNNEL3;
				ENABLE_PREVIEWS = YES;
				INFOPLIST_FILE = LoginScreenPractice/Info.plist;
				LD_RUNPATH_SEARCH_PATHS = (
					"$(inherited)",
					"@executable_path/Frameworks",
				);
				PRODUCT_BUNDLE_IDENTIFIER = io.github.chadarutherford.LoginScreenPractice;
				PRODUCT_NAME = "$(TARGET_NAME)";
				SWIFT_VERSION = 5.0;
				TARGETED_DEVICE_FAMILY = "1,2";
			};
			name = Release;
		};
/* End XCBuildConfiguration section */

/* Begin XCConfigurationList section */
		633D63E524F6FD2D00D471AC /* Build configuration list for PBXProject "LoginScreenPractice" */ = {
			isa = XCConfigurationList;
			buildConfigurations = (
				633D63FC24F6FD2E00D471AC /* Debug */,
				633D63FD24F6FD2E00D471AC /* Release */,
			);
			defaultConfigurationIsVisible = 0;
			defaultConfigurationName = Release;
		};
		633D63FE24F6FD2E00D471AC /* Build configuration list for PBXNativeTarget "LoginScreenPractice" */ = {
			isa = XCConfigurationList;
			buildConfigurations = (
				633D63FF24F6FD2E00D471AC /* Debug */,
				633D640024F6FD2E00D471AC /* Release */,
			);
			defaultConfigurationIsVisible = 0;
			defaultConfigurationName = Release;
		};
/* End XCConfigurationList section */
	};
	rootObject = 633D63E224F6FD2D00D471AC /* Project object */;
}
